
Microsoft Visual Studio Solution File, Format Version 12.00
# Visual Studio 2012
Project("{FAE04EC0-301F-11D3-BF4B-00C04F79EFBC}") = "PdfSharp-WPF", "PDFsharp\code\PdfSharp\PdfSharp-WPF.csproj", "{02FCC0BB-2AA2-43BA-8D2F-66D168B87A1D}"
EndProject
Project("{FAE04EC0-301F-11D3-BF4B-00C04F79EFBC}") = "PdfSharp.Charting-WPF", "PDFsharp\code\PdfSharp.Charting\PdfSharp.Charting-WPF.csproj", "{E6A2734E-0CD6-4210-8AEC-47EE348F8D78}"
EndProject
Project("{FAE04EC0-301F-11D3-BF4B-00C04F79EFBC}") = "PdfSharp.Core", "PdfSharp.Core\PdfSharp.Core.csproj", "{9E4D41E8-4B14-4718-8626-19BD27350AF1}"
EndProject
Global
	GlobalSection(SolutionConfigurationPlatforms) = preSolution
		Debug|Any CPU = Debug|Any CPU
		Release|Any CPU = Release|Any CPU
	EndGlobalSection
	GlobalSection(ProjectConfigurationPlatforms) = postSolution
		{02FCC0BB-2AA2-43BA-8D2F-66D168B87A1D}.Debug|Any CPU.ActiveCfg = Debug|Any CPU
		{02FCC0BB-2AA2-43BA-8D2F-66D168B87A1D}.Debug|Any CPU.Build.0 = Debug|Any CPU
		{02FCC0BB-2AA2-43BA-8D2F-66D168B87A1D}.Release|Any CPU.ActiveCfg = Release|Any CPU
		{02FCC0BB-2AA2-43BA-8D2F-66D168B87A1D}.Release|Any CPU.Build.0 = Release|Any CPU
		{E6A2734E-0CD6-4210-8AEC-47EE348F8D78}.Debug|Any CPU.ActiveCfg = Debug|Any CPU
		{E6A2734E-0CD6-4210-8AEC-47EE348F8D78}.Debug|Any CPU.Build.0 = Debug|Any CPU
		{E6A2734E-0CD6-4210-8AEC-47EE348F8D78}.Release|Any CPU.ActiveCfg = Release|Any CPU
		{E6A2734E-0CD6-4210-8AEC-47EE348F8D78}.Release|Any CPU.Build.0 = Release|Any CPU
		{9E4D41E8-4B14-4718-8626-19BD27350AF1}.Debug|Any CPU.ActiveCfg = Debug|Any CPU
		{9E4D41E8-4B14-4718-8626-19BD27350AF1}.Debug|Any CPU.Build.0 = Debug|Any CPU
		{9E4D41E8-4B14-4718-8626-19BD27350AF1}.Release|Any CPU.ActiveCfg = Release|Any CPU
		{9E4D41E8-4B14-4718-8626-19BD27350AF1}.Release|Any CPU.Build.0 = Release|Any CPU
	EndGlobalSection
	GlobalSection(SolutionProperties) = preSolution
		HideSolutionNode = FALSE
	EndGlobalSection
EndGlobal
