
Microsoft Visual Studio Solution File, Format Version 12.00
# Visual Studio 2012
Project("{FAE04EC0-301F-11D3-BF4B-00C04F79EFBC}") = "PdfSharp-WPF", "PDFsharp\code\PdfSharp\PdfSharp-WPF.csproj", "{02FCC0BB-2AA2-43BA-8D2F-66D168B87A1D}"
EndProject
Project("{FAE04EC0-301F-11D3-BF4B-00C04F79EFBC}") = "PdfSharp.Charting-WPF", "PDFsharp\code\PdfSharp.Charting\PdfSharp.Charting-WPF.csproj", "{E6A2734E-0CD6-4210-8AEC-47EE348F8D78}"
EndProject
Project("{FAE04EC0-301F-11D3-BF4B-00C04F79EFBC}") = "MigraDoc.DocumentObjectModel-WPF", "MigraDoc\code\MigraDoc.DocumentObjectModel\MigraDoc.DocumentObjectModel-WPF.csproj", "{769E6587-72F9-475C-9422-D43ACD4C7AC1}"
EndProject
Project("{FAE04EC0-301F-11D3-BF4B-00C04F79EFBC}") = "MigraDoc.Rendering-WPF", "MigraDoc\code\MigraDoc.Rendering\MigraDoc.Rendering-WPF.csproj", "{497784DA-4FDD-43E5-BC4E-6702C8F1AEE0}"
EndProject
Project("{FAE04EC0-301F-11D3-BF4B-00C04F79EFBC}") = "TestApplication-WPF", "MigraDoc\code\TestApplication-WPF\TestApplication-WPF.csproj", "{8E05C206-B006-481A-832E-8F48A036C5F9}"
EndProject
Project("{FAE04EC0-301F-11D3-BF4B-00C04F79EFBC}") = "PdfSharp.Core", "PdfSharp.Core\PdfSharp.Core.csproj", "{9E4D41E8-4B14-4718-8626-19BD27350AF1}"
EndProject
Global
	GlobalSection(SolutionConfigurationPlatforms) = preSolution
		Debug|Any CPU = Debug|Any CPU
		Debug|Mixed Platforms = Debug|Mixed Platforms
		Debug|x86 = Debug|x86
		Release|Any CPU = Release|Any CPU
		Release|Mixed Platforms = Release|Mixed Platforms
		Release|x86 = Release|x86
	EndGlobalSection
	GlobalSection(ProjectConfigurationPlatforms) = postSolution
		{02FCC0BB-2AA2-43BA-8D2F-66D168B87A1D}.Debug|Any CPU.ActiveCfg = Debug|Any CPU
		{02FCC0BB-2AA2-43BA-8D2F-66D168B87A1D}.Debug|Any CPU.Build.0 = Debug|Any CPU
		{02FCC0BB-2AA2-43BA-8D2F-66D168B87A1D}.Debug|Mixed Platforms.ActiveCfg = Debug|Any CPU
		{02FCC0BB-2AA2-43BA-8D2F-66D168B87A1D}.Debug|Mixed Platforms.Build.0 = Debug|Any CPU
		{02FCC0BB-2AA2-43BA-8D2F-66D168B87A1D}.Debug|x86.ActiveCfg = Debug|Any CPU
		{02FCC0BB-2AA2-43BA-8D2F-66D168B87A1D}.Release|Any CPU.ActiveCfg = Release|Any CPU
		{02FCC0BB-2AA2-43BA-8D2F-66D168B87A1D}.Release|Any CPU.Build.0 = Release|Any CPU
		{02FCC0BB-2AA2-43BA-8D2F-66D168B87A1D}.Release|Mixed Platforms.ActiveCfg = Release|Any CPU
		{02FCC0BB-2AA2-43BA-8D2F-66D168B87A1D}.Release|Mixed Platforms.Build.0 = Release|Any CPU
		{02FCC0BB-2AA2-43BA-8D2F-66D168B87A1D}.Release|x86.ActiveCfg = Release|Any CPU
		{E6A2734E-0CD6-4210-8AEC-47EE348F8D78}.Debug|Any CPU.ActiveCfg = Debug|Any CPU
		{E6A2734E-0CD6-4210-8AEC-47EE348F8D78}.Debug|Any CPU.Build.0 = Debug|Any CPU
		{E6A2734E-0CD6-4210-8AEC-47EE348F8D78}.Debug|Mixed Platforms.ActiveCfg = Debug|Any CPU
		{E6A2734E-0CD6-4210-8AEC-47EE348F8D78}.Debug|Mixed Platforms.Build.0 = Debug|Any CPU
		{E6A2734E-0CD6-4210-8AEC-47EE348F8D78}.Debug|x86.ActiveCfg = Debug|Any CPU
		{E6A2734E-0CD6-4210-8AEC-47EE348F8D78}.Release|Any CPU.ActiveCfg = Release|Any CPU
		{E6A2734E-0CD6-4210-8AEC-47EE348F8D78}.Release|Any CPU.Build.0 = Release|Any CPU
		{E6A2734E-0CD6-4210-8AEC-47EE348F8D78}.Release|Mixed Platforms.ActiveCfg = Release|Any CPU
		{E6A2734E-0CD6-4210-8AEC-47EE348F8D78}.Release|Mixed Platforms.Build.0 = Release|Any CPU
		{E6A2734E-0CD6-4210-8AEC-47EE348F8D78}.Release|x86.ActiveCfg = Release|Any CPU
		{769E6587-72F9-475C-9422-D43ACD4C7AC1}.Debug|Any CPU.ActiveCfg = Debug|Any CPU
		{769E6587-72F9-475C-9422-D43ACD4C7AC1}.Debug|Any CPU.Build.0 = Debug|Any CPU
		{769E6587-72F9-475C-9422-D43ACD4C7AC1}.Debug|Mixed Platforms.ActiveCfg = Debug|Any CPU
		{769E6587-72F9-475C-9422-D43ACD4C7AC1}.Debug|Mixed Platforms.Build.0 = Debug|Any CPU
		{769E6587-72F9-475C-9422-D43ACD4C7AC1}.Debug|x86.ActiveCfg = Debug|Any CPU
		{769E6587-72F9-475C-9422-D43ACD4C7AC1}.Release|Any CPU.ActiveCfg = Release|Any CPU
		{769E6587-72F9-475C-9422-D43ACD4C7AC1}.Release|Any CPU.Build.0 = Release|Any CPU
		{769E6587-72F9-475C-9422-D43ACD4C7AC1}.Release|Mixed Platforms.ActiveCfg = Release|Any CPU
		{769E6587-72F9-475C-9422-D43ACD4C7AC1}.Release|Mixed Platforms.Build.0 = Release|Any CPU
		{769E6587-72F9-475C-9422-D43ACD4C7AC1}.Release|x86.ActiveCfg = Release|Any CPU
		{497784DA-4FDD-43E5-BC4E-6702C8F1AEE0}.Debug|Any CPU.ActiveCfg = Debug|Any CPU
		{497784DA-4FDD-43E5-BC4E-6702C8F1AEE0}.Debug|Any CPU.Build.0 = Debug|Any CPU
		{497784DA-4FDD-43E5-BC4E-6702C8F1AEE0}.Debug|Mixed Platforms.ActiveCfg = Debug|Any CPU
		{497784DA-4FDD-43E5-BC4E-6702C8F1AEE0}.Debug|Mixed Platforms.Build.0 = Debug|Any CPU
		{497784DA-4FDD-43E5-BC4E-6702C8F1AEE0}.Debug|x86.ActiveCfg = Debug|Any CPU
		{497784DA-4FDD-43E5-BC4E-6702C8F1AEE0}.Release|Any CPU.ActiveCfg = Release|Any CPU
		{497784DA-4FDD-43E5-BC4E-6702C8F1AEE0}.Release|Any CPU.Build.0 = Release|Any CPU
		{497784DA-4FDD-43E5-BC4E-6702C8F1AEE0}.Release|Mixed Platforms.ActiveCfg = Release|Any CPU
		{497784DA-4FDD-43E5-BC4E-6702C8F1AEE0}.Release|Mixed Platforms.Build.0 = Release|Any CPU
		{497784DA-4FDD-43E5-BC4E-6702C8F1AEE0}.Release|x86.ActiveCfg = Release|Any CPU
		{8E05C206-B006-481A-832E-8F48A036C5F9}.Debug|Any CPU.ActiveCfg = Debug|x86
		{8E05C206-B006-481A-832E-8F48A036C5F9}.Debug|Mixed Platforms.ActiveCfg = Debug|x86
		{8E05C206-B006-481A-832E-8F48A036C5F9}.Debug|Mixed Platforms.Build.0 = Debug|x86
		{8E05C206-B006-481A-832E-8F48A036C5F9}.Debug|x86.ActiveCfg = Debug|x86
		{8E05C206-B006-481A-832E-8F48A036C5F9}.Debug|x86.Build.0 = Debug|x86
		{8E05C206-B006-481A-832E-8F48A036C5F9}.Release|Any CPU.ActiveCfg = Release|x86
		{8E05C206-B006-481A-832E-8F48A036C5F9}.Release|Mixed Platforms.ActiveCfg = Release|x86
		{8E05C206-B006-481A-832E-8F48A036C5F9}.Release|Mixed Platforms.Build.0 = Release|x86
		{8E05C206-B006-481A-832E-8F48A036C5F9}.Release|x86.ActiveCfg = Release|x86
		{8E05C206-B006-481A-832E-8F48A036C5F9}.Release|x86.Build.0 = Release|x86
		{9E4D41E8-4B14-4718-8626-19BD27350AF1}.Debug|Any CPU.ActiveCfg = Debug|Any CPU
		{9E4D41E8-4B14-4718-8626-19BD27350AF1}.Debug|Any CPU.Build.0 = Debug|Any CPU
		{9E4D41E8-4B14-4718-8626-19BD27350AF1}.Debug|Mixed Platforms.ActiveCfg = Debug|Any CPU
		{9E4D41E8-4B14-4718-8626-19BD27350AF1}.Debug|Mixed Platforms.Build.0 = Debug|Any CPU
		{9E4D41E8-4B14-4718-8626-19BD27350AF1}.Debug|x86.ActiveCfg = Debug|Any CPU
		{9E4D41E8-4B14-4718-8626-19BD27350AF1}.Release|Any CPU.ActiveCfg = Release|Any CPU
		{9E4D41E8-4B14-4718-8626-19BD27350AF1}.Release|Any CPU.Build.0 = Release|Any CPU
		{9E4D41E8-4B14-4718-8626-19BD27350AF1}.Release|Mixed Platforms.ActiveCfg = Release|Any CPU
		{9E4D41E8-4B14-4718-8626-19BD27350AF1}.Release|Mixed Platforms.Build.0 = Release|Any CPU
		{9E4D41E8-4B14-4718-8626-19BD27350AF1}.Release|x86.ActiveCfg = Release|Any CPU
	EndGlobalSection
	GlobalSection(SolutionProperties) = preSolution
		HideSolutionNode = FALSE
	EndGlobalSection
EndGlobal
